
Microsoft Visual Studio Solution File, Format Version 12.00
# Visual Studio Version 17
VisualStudioVersion = 17.11.35222.181
MinimumVisualStudioVersion = 10.0.40219.1
Project("{2150E333-8FDC-42A3-9474-1A3956D46DE8}") = "src", "src", "{C71C3BE4-5D06-4298-8C3A-9CBE90606F8A}"
EndProject
Project("{2150E333-8FDC-42A3-9474-1A3956D46DE8}") = "tests", "tests", "{E0B4E5AB-CC20-4EB7-8CF6-F9D17D2B55D5}"
EndProject
Project("{2150E333-8FDC-42A3-9474-1A3956D46DE8}") = "Shared", "Shared", "{5AD31483-5B0B-4848-80A8-F186D0936238}"
EndProject
Project("{2150E333-8FDC-42A3-9474-1A3956D46DE8}") = "Backend", "Backend", "{2256B82C-44B5-4246-ACD2-79C67BB58735}"
EndProject
Project("{9A19103F-16F7-4668-BE54-9A1E7A4F7556}") = "PixelManager.API", "src\Backend\PixelManager.API\PixelManager.API.csproj", "{1508E8F9-A6DD-4557-9635-B64A5B5791C7}"
EndProject
Project("{9A19103F-16F7-4668-BE54-9A1E7A4F7556}") = "PixelManager.Application", "src\Backend\PixelManager.Application\PixelManager.Application.csproj", "{A98D8D1B-2CEE-4948-ACB4-D5F36F4063A3}"
EndProject
Project("{9A19103F-16F7-4668-BE54-9A1E7A4F7556}") = "PixelManager.Domain", "src\Backend\PixelManager.Domain\PixelManager.Domain.csproj", "{DD287981-9CDF-47F3-B265-959F72E96E1E}"
EndProject
Project("{9A19103F-16F7-4668-BE54-9A1E7A4F7556}") = "PixelManager.Infrastructure", "src\Backend\PixelManager.Infrastructure\PixelManager.Infrastructure.csproj", "{A35D2818-75BD-4A1C-A79E-07CB3264CFF7}"
EndProject
Project("{9A19103F-16F7-4668-BE54-9A1E7A4F7556}") = "PixelManager.Communication", "src\Shared\PixelManager.Communication\PixelManager.Communication.csproj", "{75D4AF43-7A11-4D66-9697-7C41EF1078EF}"
EndProject
Project("{9A19103F-16F7-4668-BE54-9A1E7A4F7556}") = "PixelManager.Exceptions", "src\Shared\PixelManager.Exceptions\PixelManager.Exceptions.csproj", "{2EEC6290-1E80-4F32-B9DA-F44BB27BCB81}"
EndProject
Project("{FAE04EC0-301F-11D3-BF4B-00C04F79EFBC}") = "Validators.Test", "tests\Validators.Test\Validators.Test.csproj", "{56DF34E6-6343-47D5-90A0-E6FD0498B6D9}"
EndProject
Project("{FAE04EC0-301F-11D3-BF4B-00C04F79EFBC}") = "CommomTestUtilities", "tests\CommomTestUtilities\CommomTestUtilities.csproj", "{9FAD923B-FE84-4DFE-8525-4CDE4D6ADA99}"
EndProject
Project("{FAE04EC0-301F-11D3-BF4B-00C04F79EFBC}") = "UseCases.Test", "tests\UseCases.Test\UseCases.Test.csproj", "{AAA2ED4C-E406-47D6-AF35-89CFDB64B4FB}"
EndProject
Project("{FAE04EC0-301F-11D3-BF4B-00C04F79EFBC}") = "WebApi.Test", "tests\WebApi.Test\WebApi.Test.csproj", "{19C701AF-159E-47D9-BE19-B456AB0307C3}"
EndProject
Global
	GlobalSection(SolutionConfigurationPlatforms) = preSolution
		Debug|Any CPU = Debug|Any CPU
		Release|Any CPU = Release|Any CPU
	EndGlobalSection
	GlobalSection(ProjectConfigurationPlatforms) = postSolution
		{1508E8F9-A6DD-4557-9635-B64A5B5791C7}.Debug|Any CPU.ActiveCfg = Debug|Any CPU
		{1508E8F9-A6DD-4557-9635-B64A5B5791C7}.Debug|Any CPU.Build.0 = Debug|Any CPU
		{1508E8F9-A6DD-4557-9635-B64A5B5791C7}.Release|Any CPU.ActiveCfg = Release|Any CPU
		{1508E8F9-A6DD-4557-9635-B64A5B5791C7}.Release|Any CPU.Build.0 = Release|Any CPU
		{A98D8D1B-2CEE-4948-ACB4-D5F36F4063A3}.Debug|Any CPU.ActiveCfg = Debug|Any CPU
		{A98D8D1B-2CEE-4948-ACB4-D5F36F4063A3}.Debug|Any CPU.Build.0 = Debug|Any CPU
		{A98D8D1B-2CEE-4948-ACB4-D5F36F4063A3}.Release|Any CPU.ActiveCfg = Release|Any CPU
		{A98D8D1B-2CEE-4948-ACB4-D5F36F4063A3}.Release|Any CPU.Build.0 = Release|Any CPU
		{DD287981-9CDF-47F3-B265-959F72E96E1E}.Debug|Any CPU.ActiveCfg = Debug|Any CPU
		{DD287981-9CDF-47F3-B265-959F72E96E1E}.Debug|Any CPU.Build.0 = Debug|Any CPU
		{DD287981-9CDF-47F3-B265-959F72E96E1E}.Release|Any CPU.ActiveCfg = Release|Any CPU
		{DD287981-9CDF-47F3-B265-959F72E96E1E}.Release|Any CPU.Build.0 = Release|Any CPU
		{A35D2818-75BD-4A1C-A79E-07CB3264CFF7}.Debug|Any CPU.ActiveCfg = Debug|Any CPU
		{A35D2818-75BD-4A1C-A79E-07CB3264CFF7}.Debug|Any CPU.Build.0 = Debug|Any CPU
		{A35D2818-75BD-4A1C-A79E-07CB3264CFF7}.Release|Any CPU.ActiveCfg = Release|Any CPU
		{A35D2818-75BD-4A1C-A79E-07CB3264CFF7}.Release|Any CPU.Build.0 = Release|Any CPU
		{75D4AF43-7A11-4D66-9697-7C41EF1078EF}.Debug|Any CPU.ActiveCfg = Debug|Any CPU
		{75D4AF43-7A11-4D66-9697-7C41EF1078EF}.Debug|Any CPU.Build.0 = Debug|Any CPU
		{75D4AF43-7A11-4D66-9697-7C41EF1078EF}.Release|Any CPU.ActiveCfg = Release|Any CPU
		{75D4AF43-7A11-4D66-9697-7C41EF1078EF}.Release|Any CPU.Build.0 = Release|Any CPU
		{2EEC6290-1E80-4F32-B9DA-F44BB27BCB81}.Debug|Any CPU.ActiveCfg = Debug|Any CPU
		{2EEC6290-1E80-4F32-B9DA-F44BB27BCB81}.Debug|Any CPU.Build.0 = Debug|Any CPU
		{2EEC6290-1E80-4F32-B9DA-F44BB27BCB81}.Release|Any CPU.ActiveCfg = Release|Any CPU
		{2EEC6290-1E80-4F32-B9DA-F44BB27BCB81}.Release|Any CPU.Build.0 = Release|Any CPU
		{56DF34E6-6343-47D5-90A0-E6FD0498B6D9}.Debug|Any CPU.ActiveCfg = Debug|Any CPU
		{56DF34E6-6343-47D5-90A0-E6FD0498B6D9}.Debug|Any CPU.Build.0 = Debug|Any CPU
		{56DF34E6-6343-47D5-90A0-E6FD0498B6D9}.Release|Any CPU.ActiveCfg = Release|Any CPU
		{56DF34E6-6343-47D5-90A0-E6FD0498B6D9}.Release|Any CPU.Build.0 = Release|Any CPU
		{9FAD923B-FE84-4DFE-8525-4CDE4D6ADA99}.Debug|Any CPU.ActiveCfg = Debug|Any CPU
		{9FAD923B-FE84-4DFE-8525-4CDE4D6ADA99}.Debug|Any CPU.Build.0 = Debug|Any CPU
		{9FAD923B-FE84-4DFE-8525-4CDE4D6ADA99}.Release|Any CPU.ActiveCfg = Release|Any CPU
		{9FAD923B-FE84-4DFE-8525-4CDE4D6ADA99}.Release|Any CPU.Build.0 = Release|Any CPU
		{AAA2ED4C-E406-47D6-AF35-89CFDB64B4FB}.Debug|Any CPU.ActiveCfg = Debug|Any CPU
		{AAA2ED4C-E406-47D6-AF35-89CFDB64B4FB}.Debug|Any CPU.Build.0 = Debug|Any CPU
		{AAA2ED4C-E406-47D6-AF35-89CFDB64B4FB}.Release|Any CPU.ActiveCfg = Release|Any CPU
		{AAA2ED4C-E406-47D6-AF35-89CFDB64B4FB}.Release|Any CPU.Build.0 = Release|Any CPU
		{19C701AF-159E-47D9-BE19-B456AB0307C3}.Debug|Any CPU.ActiveCfg = Debug|Any CPU
		{19C701AF-159E-47D9-BE19-B456AB0307C3}.Debug|Any CPU.Build.0 = Debug|Any CPU
		{19C701AF-159E-47D9-BE19-B456AB0307C3}.Release|Any CPU.ActiveCfg = Release|Any CPU
		{19C701AF-159E-47D9-BE19-B456AB0307C3}.Release|Any CPU.Build.0 = Release|Any CPU
	EndGlobalSection
	GlobalSection(SolutionProperties) = preSolution
		HideSolutionNode = FALSE
	EndGlobalSection
	GlobalSection(NestedProjects) = preSolution
		{5AD31483-5B0B-4848-80A8-F186D0936238} = {C71C3BE4-5D06-4298-8C3A-9CBE90606F8A}
		{2256B82C-44B5-4246-ACD2-79C67BB58735} = {C71C3BE4-5D06-4298-8C3A-9CBE90606F8A}
		{1508E8F9-A6DD-4557-9635-B64A5B5791C7} = {2256B82C-44B5-4246-ACD2-79C67BB58735}
		{A98D8D1B-2CEE-4948-ACB4-D5F36F4063A3} = {2256B82C-44B5-4246-ACD2-79C67BB58735}
		{DD287981-9CDF-47F3-B265-959F72E96E1E} = {2256B82C-44B5-4246-ACD2-79C67BB58735}
		{A35D2818-75BD-4A1C-A79E-07CB3264CFF7} = {2256B82C-44B5-4246-ACD2-79C67BB58735}
		{75D4AF43-7A11-4D66-9697-7C41EF1078EF} = {5AD31483-5B0B-4848-80A8-F186D0936238}
		{2EEC6290-1E80-4F32-B9DA-F44BB27BCB81} = {5AD31483-5B0B-4848-80A8-F186D0936238}
		{56DF34E6-6343-47D5-90A0-E6FD0498B6D9} = {E0B4E5AB-CC20-4EB7-8CF6-F9D17D2B55D5}
		{9FAD923B-FE84-4DFE-8525-4CDE4D6ADA99} = {E0B4E5AB-CC20-4EB7-8CF6-F9D17D2B55D5}
		{AAA2ED4C-E406-47D6-AF35-89CFDB64B4FB} = {E0B4E5AB-CC20-4EB7-8CF6-F9D17D2B55D5}
		{19C701AF-159E-47D9-BE19-B456AB0307C3} = {E0B4E5AB-CC20-4EB7-8CF6-F9D17D2B55D5}
	EndGlobalSection
	GlobalSection(ExtensibilityGlobals) = postSolution
		SolutionGuid = {EA56B416-B933-45DA-9023-089961D8645B}
	EndGlobalSection
EndGlobal
